
Microsoft Visual Studio Solution File, Format Version 12.00
# Visual Studio Version 16
VisualStudioVersion = 16.0.30011.22
MinimumVisualStudioVersion = 10.0.40219.1
Project("{FAE04EC0-301F-11D3-BF4B-00C04F79EFBC}") = "ISM6225-Assignment4", "ISM6225-Assignment4.csproj", "{FEA74B98-8844-474C-86E3-67AE8EF391B0}"
EndProject
Global
	GlobalSection(SolutionConfigurationPlatforms) = preSolution
		Debug|Any CPU = Debug|Any CPU
		Release|Any CPU = Release|Any CPU
	EndGlobalSection
	GlobalSection(ProjectConfigurationPlatforms) = postSolution
		{FEA74B98-8844-474C-86E3-67AE8EF391B0}.Debug|Any CPU.ActiveCfg = Debug|Any CPU
		{FEA74B98-8844-474C-86E3-67AE8EF391B0}.Debug|Any CPU.Build.0 = Debug|Any CPU
		{FEA74B98-8844-474C-86E3-67AE8EF391B0}.Release|Any CPU.ActiveCfg = Release|Any CPU
		{FEA74B98-8844-474C-86E3-67AE8EF391B0}.Release|Any CPU.Build.0 = Release|Any CPU
	EndGlobalSection
	GlobalSection(SolutionProperties) = preSolution
		HideSolutionNode = FALSE
	EndGlobalSection
	GlobalSection(ExtensibilityGlobals) = postSolution
		SolutionGuid = {01EB06E4-A4C3-4E81-960B-09E04A776416}
	EndGlobalSection
EndGlobal
